
Microsoft Visual Studio Solution File, Format Version 12.00
# Visual Studio 15
VisualStudioVersion = 15.0.26124.0
MinimumVisualStudioVersion = 15.0.26124.0
Project("{FAE04EC0-301F-11D3-BF4B-00C04F79EFBC}") = "ChatBot", "ChatBotApp\ChatBot.csproj", "{8CD3755A-6A8A-43DC-BB54-9EDB0F1F507A}"
EndProject
Project("{FAE04EC0-301F-11D3-BF4B-00C04F79EFBC}") = "ChatBotTest", "ChatBotTest\ChatBotTest.csproj", "{5A73C0FE-7F87-411B-8A03-CB6585EBEA82}"
EndProject
Global
	GlobalSection(SolutionConfigurationPlatforms) = preSolution
		Debug|Any CPU = Debug|Any CPU
		Debug|x64 = Debug|x64
		Debug|x86 = Debug|x86
		Release|Any CPU = Release|Any CPU
		Release|x64 = Release|x64
		Release|x86 = Release|x86
	EndGlobalSection
	GlobalSection(SolutionProperties) = preSolution
		HideSolutionNode = FALSE
	EndGlobalSection
	GlobalSection(ProjectConfigurationPlatforms) = postSolution
		{8CD3755A-6A8A-43DC-BB54-9EDB0F1F507A}.Debug|Any CPU.ActiveCfg = Debug|Any CPU
		{8CD3755A-6A8A-43DC-BB54-9EDB0F1F507A}.Debug|Any CPU.Build.0 = Debug|Any CPU
		{8CD3755A-6A8A-43DC-BB54-9EDB0F1F507A}.Debug|x64.ActiveCfg = Debug|Any CPU
		{8CD3755A-6A8A-43DC-BB54-9EDB0F1F507A}.Debug|x64.Build.0 = Debug|Any CPU
		{8CD3755A-6A8A-43DC-BB54-9EDB0F1F507A}.Debug|x86.ActiveCfg = Debug|Any CPU
		{8CD3755A-6A8A-43DC-BB54-9EDB0F1F507A}.Debug|x86.Build.0 = Debug|Any CPU
		{8CD3755A-6A8A-43DC-BB54-9EDB0F1F507A}.Release|Any CPU.ActiveCfg = Release|Any CPU
		{8CD3755A-6A8A-43DC-BB54-9EDB0F1F507A}.Release|Any CPU.Build.0 = Release|Any CPU
		{8CD3755A-6A8A-43DC-BB54-9EDB0F1F507A}.Release|x64.ActiveCfg = Release|Any CPU
		{8CD3755A-6A8A-43DC-BB54-9EDB0F1F507A}.Release|x64.Build.0 = Release|Any CPU
		{8CD3755A-6A8A-43DC-BB54-9EDB0F1F507A}.Release|x86.ActiveCfg = Release|Any CPU
		{8CD3755A-6A8A-43DC-BB54-9EDB0F1F507A}.Release|x86.Build.0 = Release|Any CPU
		{5A73C0FE-7F87-411B-8A03-CB6585EBEA82}.Debug|Any CPU.ActiveCfg = Debug|Any CPU
		{5A73C0FE-7F87-411B-8A03-CB6585EBEA82}.Debug|Any CPU.Build.0 = Debug|Any CPU
		{5A73C0FE-7F87-411B-8A03-CB6585EBEA82}.Debug|x64.ActiveCfg = Debug|Any CPU
		{5A73C0FE-7F87-411B-8A03-CB6585EBEA82}.Debug|x64.Build.0 = Debug|Any CPU
		{5A73C0FE-7F87-411B-8A03-CB6585EBEA82}.Debug|x86.ActiveCfg = Debug|Any CPU
		{5A73C0FE-7F87-411B-8A03-CB6585EBEA82}.Debug|x86.Build.0 = Debug|Any CPU
		{5A73C0FE-7F87-411B-8A03-CB6585EBEA82}.Release|Any CPU.ActiveCfg = Release|Any CPU
		{5A73C0FE-7F87-411B-8A03-CB6585EBEA82}.Release|Any CPU.Build.0 = Release|Any CPU
		{5A73C0FE-7F87-411B-8A03-CB6585EBEA82}.Release|x64.ActiveCfg = Release|Any CPU
		{5A73C0FE-7F87-411B-8A03-CB6585EBEA82}.Release|x64.Build.0 = Release|Any CPU
		{5A73C0FE-7F87-411B-8A03-CB6585EBEA82}.Release|x86.ActiveCfg = Release|Any CPU
		{5A73C0FE-7F87-411B-8A03-CB6585EBEA82}.Release|x86.Build.0 = Release|Any CPU
	EndGlobalSection
EndGlobal
