
Microsoft Visual Studio Solution File, Format Version 12.00
# Visual Studio 15
VisualStudioVersion = 15.0.26124.0
MinimumVisualStudioVersion = 15.0.26124.0
Project("{FAE04EC0-301F-11D3-BF4B-00C04F79EFBC}") = "GameModel", "GameModel\GameModel.csproj", "{64705618-3066-44F9-BE99-E36D0C9085A7}"
EndProject
Project("{FAE04EC0-301F-11D3-BF4B-00C04F79EFBC}") = "GameModel.Test", "GameModel.Test\GameModel.Test.csproj", "{4603F444-9F28-4D48-9F0E-1D7E58EECB12}"
EndProject
Global
	GlobalSection(SolutionConfigurationPlatforms) = preSolution
		Debug|Any CPU = Debug|Any CPU
		Debug|x64 = Debug|x64
		Debug|x86 = Debug|x86
		Release|Any CPU = Release|Any CPU
		Release|x64 = Release|x64
		Release|x86 = Release|x86
	EndGlobalSection
	GlobalSection(SolutionProperties) = preSolution
		HideSolutionNode = FALSE
	EndGlobalSection
	GlobalSection(ProjectConfigurationPlatforms) = postSolution
		{64705618-3066-44F9-BE99-E36D0C9085A7}.Debug|Any CPU.ActiveCfg = Debug|Any CPU
		{64705618-3066-44F9-BE99-E36D0C9085A7}.Debug|Any CPU.Build.0 = Debug|Any CPU
		{64705618-3066-44F9-BE99-E36D0C9085A7}.Debug|x64.ActiveCfg = Debug|Any CPU
		{64705618-3066-44F9-BE99-E36D0C9085A7}.Debug|x64.Build.0 = Debug|Any CPU
		{64705618-3066-44F9-BE99-E36D0C9085A7}.Debug|x86.ActiveCfg = Debug|Any CPU
		{64705618-3066-44F9-BE99-E36D0C9085A7}.Debug|x86.Build.0 = Debug|Any CPU
		{64705618-3066-44F9-BE99-E36D0C9085A7}.Release|Any CPU.ActiveCfg = Release|Any CPU
		{64705618-3066-44F9-BE99-E36D0C9085A7}.Release|Any CPU.Build.0 = Release|Any CPU
		{64705618-3066-44F9-BE99-E36D0C9085A7}.Release|x64.ActiveCfg = Release|Any CPU
		{64705618-3066-44F9-BE99-E36D0C9085A7}.Release|x64.Build.0 = Release|Any CPU
		{64705618-3066-44F9-BE99-E36D0C9085A7}.Release|x86.ActiveCfg = Release|Any CPU
		{64705618-3066-44F9-BE99-E36D0C9085A7}.Release|x86.Build.0 = Release|Any CPU
		{4603F444-9F28-4D48-9F0E-1D7E58EECB12}.Debug|Any CPU.ActiveCfg = Debug|Any CPU
		{4603F444-9F28-4D48-9F0E-1D7E58EECB12}.Debug|Any CPU.Build.0 = Debug|Any CPU
		{4603F444-9F28-4D48-9F0E-1D7E58EECB12}.Debug|x64.ActiveCfg = Debug|Any CPU
		{4603F444-9F28-4D48-9F0E-1D7E58EECB12}.Debug|x64.Build.0 = Debug|Any CPU
		{4603F444-9F28-4D48-9F0E-1D7E58EECB12}.Debug|x86.ActiveCfg = Debug|Any CPU
		{4603F444-9F28-4D48-9F0E-1D7E58EECB12}.Debug|x86.Build.0 = Debug|Any CPU
		{4603F444-9F28-4D48-9F0E-1D7E58EECB12}.Release|Any CPU.ActiveCfg = Release|Any CPU
		{4603F444-9F28-4D48-9F0E-1D7E58EECB12}.Release|Any CPU.Build.0 = Release|Any CPU
		{4603F444-9F28-4D48-9F0E-1D7E58EECB12}.Release|x64.ActiveCfg = Release|Any CPU
		{4603F444-9F28-4D48-9F0E-1D7E58EECB12}.Release|x64.Build.0 = Release|Any CPU
		{4603F444-9F28-4D48-9F0E-1D7E58EECB12}.Release|x86.ActiveCfg = Release|Any CPU
		{4603F444-9F28-4D48-9F0E-1D7E58EECB12}.Release|x86.Build.0 = Release|Any CPU
	EndGlobalSection
EndGlobal
